
Microsoft Visual Studio Solution File, Format Version 12.00
# Visual Studio Version 16
VisualStudioVersion = 16.0.32901.82
MinimumVisualStudioVersion = 10.0.40219.1
Project("{FAE04EC0-301F-11D3-BF4B-00C04F79EFBC}") = "DEMO", "DEMO.csproj", "{4C993A17-0A0B-4A78-93D1-3A7867F9410A}"
EndProject
Global
	GlobalSection(SolutionConfigurationPlatforms) = preSolution
		Debug|Any CPU = Debug|Any CPU
		Release|Any CPU = Release|Any CPU
	EndGlobalSection
	GlobalSection(ProjectConfigurationPlatforms) = postSolution
		{4C993A17-0A0B-4A78-93D1-3A7867F9410A}.Debug|Any CPU.ActiveCfg = Debug|Any CPU
		{4C993A17-0A0B-4A78-93D1-3A7867F9410A}.Debug|Any CPU.Build.0 = Debug|Any CPU
		{4C993A17-0A0B-4A78-93D1-3A7867F9410A}.Release|Any CPU.ActiveCfg = Release|Any CPU
		{4C993A17-0A0B-4A78-93D1-3A7867F9410A}.Release|Any CPU.Build.0 = Release|Any CPU
	EndGlobalSection
	GlobalSection(SolutionProperties) = preSolution
		HideSolutionNode = FALSE
	EndGlobalSection
	GlobalSection(ExtensibilityGlobals) = postSolution
		SolutionGuid = {F48DD822-B703-4039-86BF-6A92ED2FD741}
	EndGlobalSection
EndGlobal
